{
  "name": "laubf-test",
  "lockfileVersion": 3,
  "requires": true,
  "packages": {
    "": {
      "devDependencies": {
        "agentation": "^2.0.0"
      }
    },
    "node_modules/agentation": {
      "version": "2.0.0",
      "resolved": "https://registry.npmjs.org/agentation/-/agentation-2.0.0.tgz",
      "integrity": "sha512-ljk4QbJaMzhhnx/+Dq+gG7LKkxvp2h5vmgDoiJ/qrrBJuCCbHWQNn5OUZtOUTuF7NDiLpmzUBBHrMgY2/r9QrA==",
      "dev": true,
      "license": "PolyForm-Shield-1.0.0",
      "peerDependencies": {
        "react": ">=18.0.0",
        "react-dom": ">=18.0.0"
      },
      "peerDependenciesMeta": {
        "react": {
          "optional": true
        },
        "react-dom": {
          "optional": true
        }
      }
    }
  }
}
